
Microsoft Visual Studio Solution File, Format Version 12.00
# Visual Studio 15
VisualStudioVersion = 15.0.28307.106
MinimumVisualStudioVersion = 10.0.40219.1
Project("{9A19103F-16F7-4668-BE54-9A1E7A4F7556}") = "Penny.NetCore.WebApi", "Penny.NetCore.WebApi\Penny.NetCore.WebApi.csproj", "{02D99332-7DF4-4544-AB60-1D3D1BC6FA42}"
EndProject
Global
	GlobalSection(SolutionConfigurationPlatforms) = preSolution
		Debug|Any CPU = Debug|Any CPU
		Release|Any CPU = Release|Any CPU
	EndGlobalSection
	GlobalSection(ProjectConfigurationPlatforms) = postSolution
		{02D99332-7DF4-4544-AB60-1D3D1BC6FA42}.Debug|Any CPU.ActiveCfg = Debug|Any CPU
		{02D99332-7DF4-4544-AB60-1D3D1BC6FA42}.Debug|Any CPU.Build.0 = Debug|Any CPU
		{02D99332-7DF4-4544-AB60-1D3D1BC6FA42}.Release|Any CPU.ActiveCfg = Release|Any CPU
		{02D99332-7DF4-4544-AB60-1D3D1BC6FA42}.Release|Any CPU.Build.0 = Release|Any CPU
	EndGlobalSection
	GlobalSection(SolutionProperties) = preSolution
		HideSolutionNode = FALSE
	EndGlobalSection
	GlobalSection(ExtensibilityGlobals) = postSolution
		SolutionGuid = {D15D1BF6-0DDD-40B9-B59B-63EA8DA392DB}
	EndGlobalSection
EndGlobal
